
Microsoft Visual Studio Solution File, Format Version 12.00
# Visual Studio Version 17
VisualStudioVersion = 17.13.35913.81 d17.13
MinimumVisualStudioVersion = 10.0.40219.1
Project("{FAE04EC0-301F-11D3-BF4B-00C04F79EFBC}") = "backend", "backend\backend.csproj", "{2128E310-86FA-44C2-804F-27B9FE53BA38}"
EndProject
Global
	GlobalSection(SolutionConfigurationPlatforms) = preSolution
		Debug|Any CPU = Debug|Any CPU
		Release|Any CPU = Release|Any CPU
	EndGlobalSection
	GlobalSection(ProjectConfigurationPlatforms) = postSolution
		{2128E310-86FA-44C2-804F-27B9FE53BA38}.Debug|Any CPU.ActiveCfg = Debug|Any CPU
		{2128E310-86FA-44C2-804F-27B9FE53BA38}.Debug|Any CPU.Build.0 = Debug|Any CPU
		{2128E310-86FA-44C2-804F-27B9FE53BA38}.Release|Any CPU.ActiveCfg = Release|Any CPU
		{2128E310-86FA-44C2-804F-27B9FE53BA38}.Release|Any CPU.Build.0 = Release|Any CPU
	EndGlobalSection
	GlobalSection(SolutionProperties) = preSolution
		HideSolutionNode = FALSE
	EndGlobalSection
	GlobalSection(ExtensibilityGlobals) = postSolution
		SolutionGuid = {EB624B40-EE52-41C2-8FFB-326DE4B34B75}
	EndGlobalSection
EndGlobal
